
Microsoft Visual Studio Solution File, Format Version 12.00
# Visual Studio 15
VisualStudioVersion = 15.0.27703.2042
MinimumVisualStudioVersion = 10.0.40219.1
Project("{FAE04EC0-301F-11D3-BF4B-00C04F79EFBC}") = "CleanTable", "CleanTable\CleanTable.csproj", "{FF523167-A20E-4A0A-A801-35D6793B42F4}"
EndProject
Global
	GlobalSection(SolutionConfigurationPlatforms) = preSolution
		Debug|Any CPU = Debug|Any CPU
		Release|Any CPU = Release|Any CPU
	EndGlobalSection
	GlobalSection(ProjectConfigurationPlatforms) = postSolution
		{FF523167-A20E-4A0A-A801-35D6793B42F4}.Debug|Any CPU.ActiveCfg = Debug|Any CPU
		{FF523167-A20E-4A0A-A801-35D6793B42F4}.Debug|Any CPU.Build.0 = Debug|Any CPU
		{FF523167-A20E-4A0A-A801-35D6793B42F4}.Release|Any CPU.ActiveCfg = Release|Any CPU
		{FF523167-A20E-4A0A-A801-35D6793B42F4}.Release|Any CPU.Build.0 = Release|Any CPU
	EndGlobalSection
	GlobalSection(SolutionProperties) = preSolution
		HideSolutionNode = FALSE
	EndGlobalSection
	GlobalSection(ExtensibilityGlobals) = postSolution
		SolutionGuid = {8C26DA06-22CA-408F-84C4-0C2F5EE8490F}
	EndGlobalSection
EndGlobal
